
Microsoft Visual Studio Solution File, Format Version 12.00
# Visual Studio Version 16
VisualStudioVersion = 16.0.30717.126
MinimumVisualStudioVersion = 10.0.40219.1
Project("{9A19103F-16F7-4668-BE54-9A1E7A4F7556}") = "ApiGateway.Core", "ApiGateway.Core\ApiGateway.Core.csproj", "{3E6F2715-9F3F-4354-8290-3FC46A3D766C}"
EndProject
Project("{2150E333-8FDC-42A3-9474-1A3956D46DE8}") = "Web+PWA", "Web+PWA", "{4F4E7DD5-55B8-4B5F-8541-A57C4C3CFBDA}"
EndProject
Project("{2150E333-8FDC-42A3-9474-1A3956D46DE8}") = "HttpService", "HttpService", "{8F7FA69F-9FC7-4EF7-813E-FAD5CB7325A1}"
EndProject
Project("{2150E333-8FDC-42A3-9474-1A3956D46DE8}") = "ApiGateway", "ApiGateway", "{1577D134-0940-4CDE-BF0A-4B4E0884E1D5}"
EndProject
Project("{2150E333-8FDC-42A3-9474-1A3956D46DE8}") = "Package", "Package", "{3D2A83FF-7E28-41B4-A3C3-A2EAC15B8269}"
EndProject
Project("{2150E333-8FDC-42A3-9474-1A3956D46DE8}") = "Implementation", "Implementation", "{C0173FAE-7783-4821-BEF2-705B8473B674}"
EndProject
Project("{9A19103F-16F7-4668-BE54-9A1E7A4F7556}") = "AutoStoper.API", "AutoStoper.API\AutoStoper.API.csproj", "{91A02741-FB8B-489D-A56C-4BB11EE2528A}"
EndProject
Project("{9A19103F-16F7-4668-BE54-9A1E7A4F7556}") = "AutoStoper.Client", "AutoStoper.Client\AutoStoper.Client.csproj", "{D3C7CE69-C848-4331-BBBD-A12E83F47D0A}"
EndProject
Project("{9A19103F-16F7-4668-BE54-9A1E7A4F7556}") = "ApiGateway.Gateway", "ApiGateway.Gateway\ApiGateway.Gateway.csproj", "{0C68E93E-2FB6-41B0-A954-E2F33FB35A5F}"
EndProject
Project("{FAE04EC0-301F-11D3-BF4B-00C04F79EFBC}") = "ApiGateway.Package", "ApiGateway.Package\ApiGateway.Package.csproj", "{196D239A-A7E8-4896-AEC7-08BF4035AEB2}"
EndProject
Project("{FAE04EC0-301F-11D3-BF4B-00C04F79EFBC}") = "AutoStoper.Authorization", "AutoStoper.Authorization\AutoStoper.Authorization.csproj", "{62B7A7FE-79E3-47EE-9886-0CFD9B8C083A}"
EndProject
Global
	GlobalSection(SolutionConfigurationPlatforms) = preSolution
		Debug|Any CPU = Debug|Any CPU
		Release|Any CPU = Release|Any CPU
	EndGlobalSection
	GlobalSection(ProjectConfigurationPlatforms) = postSolution
		{3E6F2715-9F3F-4354-8290-3FC46A3D766C}.Debug|Any CPU.ActiveCfg = Debug|Any CPU
		{3E6F2715-9F3F-4354-8290-3FC46A3D766C}.Debug|Any CPU.Build.0 = Debug|Any CPU
		{3E6F2715-9F3F-4354-8290-3FC46A3D766C}.Release|Any CPU.ActiveCfg = Release|Any CPU
		{3E6F2715-9F3F-4354-8290-3FC46A3D766C}.Release|Any CPU.Build.0 = Release|Any CPU
		{91A02741-FB8B-489D-A56C-4BB11EE2528A}.Debug|Any CPU.ActiveCfg = Debug|Any CPU
		{91A02741-FB8B-489D-A56C-4BB11EE2528A}.Debug|Any CPU.Build.0 = Debug|Any CPU
		{91A02741-FB8B-489D-A56C-4BB11EE2528A}.Release|Any CPU.ActiveCfg = Release|Any CPU
		{91A02741-FB8B-489D-A56C-4BB11EE2528A}.Release|Any CPU.Build.0 = Release|Any CPU
		{D3C7CE69-C848-4331-BBBD-A12E83F47D0A}.Debug|Any CPU.ActiveCfg = Debug|Any CPU
		{D3C7CE69-C848-4331-BBBD-A12E83F47D0A}.Debug|Any CPU.Build.0 = Debug|Any CPU
		{D3C7CE69-C848-4331-BBBD-A12E83F47D0A}.Release|Any CPU.ActiveCfg = Release|Any CPU
		{D3C7CE69-C848-4331-BBBD-A12E83F47D0A}.Release|Any CPU.Build.0 = Release|Any CPU
		{0C68E93E-2FB6-41B0-A954-E2F33FB35A5F}.Debug|Any CPU.ActiveCfg = Debug|Any CPU
		{0C68E93E-2FB6-41B0-A954-E2F33FB35A5F}.Debug|Any CPU.Build.0 = Debug|Any CPU
		{0C68E93E-2FB6-41B0-A954-E2F33FB35A5F}.Release|Any CPU.ActiveCfg = Release|Any CPU
		{0C68E93E-2FB6-41B0-A954-E2F33FB35A5F}.Release|Any CPU.Build.0 = Release|Any CPU
		{196D239A-A7E8-4896-AEC7-08BF4035AEB2}.Debug|Any CPU.ActiveCfg = Debug|Any CPU
		{196D239A-A7E8-4896-AEC7-08BF4035AEB2}.Debug|Any CPU.Build.0 = Debug|Any CPU
		{196D239A-A7E8-4896-AEC7-08BF4035AEB2}.Release|Any CPU.ActiveCfg = Release|Any CPU
		{196D239A-A7E8-4896-AEC7-08BF4035AEB2}.Release|Any CPU.Build.0 = Release|Any CPU
		{62B7A7FE-79E3-47EE-9886-0CFD9B8C083A}.Debug|Any CPU.ActiveCfg = Debug|Any CPU
		{62B7A7FE-79E3-47EE-9886-0CFD9B8C083A}.Debug|Any CPU.Build.0 = Debug|Any CPU
		{62B7A7FE-79E3-47EE-9886-0CFD9B8C083A}.Release|Any CPU.ActiveCfg = Release|Any CPU
		{62B7A7FE-79E3-47EE-9886-0CFD9B8C083A}.Release|Any CPU.Build.0 = Release|Any CPU
	EndGlobalSection
	GlobalSection(SolutionProperties) = preSolution
		HideSolutionNode = FALSE
	EndGlobalSection
	GlobalSection(NestedProjects) = preSolution
		{3D2A83FF-7E28-41B4-A3C3-A2EAC15B8269} = {1577D134-0940-4CDE-BF0A-4B4E0884E1D5}
		{C0173FAE-7783-4821-BEF2-705B8473B674} = {1577D134-0940-4CDE-BF0A-4B4E0884E1D5}
		{91A02741-FB8B-489D-A56C-4BB11EE2528A} = {8F7FA69F-9FC7-4EF7-813E-FAD5CB7325A1}
		{D3C7CE69-C848-4331-BBBD-A12E83F47D0A} = {4F4E7DD5-55B8-4B5F-8541-A57C4C3CFBDA}
		{0C68E93E-2FB6-41B0-A954-E2F33FB35A5F} = {C0173FAE-7783-4821-BEF2-705B8473B674}
		{196D239A-A7E8-4896-AEC7-08BF4035AEB2} = {3D2A83FF-7E28-41B4-A3C3-A2EAC15B8269}
		{62B7A7FE-79E3-47EE-9886-0CFD9B8C083A} = {8F7FA69F-9FC7-4EF7-813E-FAD5CB7325A1}
	EndGlobalSection
	GlobalSection(ExtensibilityGlobals) = postSolution
		SolutionGuid = {C70C70A1-0008-45DB-B581-C7B117331098}
	EndGlobalSection
EndGlobal
